
Microsoft Visual Studio Solution File, Format Version 12.00
# Visual Studio 15
VisualStudioVersion = 15.0.26730.12
MinimumVisualStudioVersion = 10.0.40219.1
Project("{FAE04EC0-301F-11D3-BF4B-00C04F79EFBC}") = "testingDriverAppWebapi", "testingDriverAppWebapi\testingDriverAppWebapi.csproj", "{0B759F4E-F417-4D44-82F7-AD5F30C56F92}"
EndProject
Global
	GlobalSection(SolutionConfigurationPlatforms) = preSolution
		Debug|Any CPU = Debug|Any CPU
		Release|Any CPU = Release|Any CPU
	EndGlobalSection
	GlobalSection(ProjectConfigurationPlatforms) = postSolution
		{0B759F4E-F417-4D44-82F7-AD5F30C56F92}.Debug|Any CPU.ActiveCfg = Debug|Any CPU
		{0B759F4E-F417-4D44-82F7-AD5F30C56F92}.Debug|Any CPU.Build.0 = Debug|Any CPU
		{0B759F4E-F417-4D44-82F7-AD5F30C56F92}.Release|Any CPU.ActiveCfg = Release|Any CPU
		{0B759F4E-F417-4D44-82F7-AD5F30C56F92}.Release|Any CPU.Build.0 = Release|Any CPU
	EndGlobalSection
	GlobalSection(SolutionProperties) = preSolution
		HideSolutionNode = FALSE
	EndGlobalSection
	GlobalSection(ExtensibilityGlobals) = postSolution
		SolutionGuid = {2B7581A6-2B5D-4895-A322-2616F4C9BA37}
	EndGlobalSection
EndGlobal
